
Microsoft Visual Studio Solution File, Format Version 12.00
# Visual Studio 2013
VisualStudioVersion = 12.0.31101.0
MinimumVisualStudioVersion = 10.0.40219.1
Project("{FAE04EC0-301F-11D3-BF4B-00C04F79EFBC}") = "Yudansha", "Yudansha\Yudansha.csproj", "{310DC49F-5626-4BFF-85DD-959F65BA463C}"
EndProject
Project("{E24C65DC-7377-472B-9ABA-BC803B73C61A}") = "website(1)", "http://localhost:59515", "{AFE880F4-F0F2-4266-B62B-F31F6A607D0B}"
	ProjectSection(WebsiteProperties) = preProject
		UseIISExpress = "true"
		TargetFrameworkMoniker = ".NETFramework,Version%3Dv4.0"
		Debug.AspNetCompiler.VirtualPath = "/localhost_59515"
		Debug.AspNetCompiler.PhysicalPath = "website\"
		Debug.AspNetCompiler.TargetPath = "PrecompiledWeb\localhost_59515\"
		Debug.AspNetCompiler.Updateable = "true"
		Debug.AspNetCompiler.ForceOverwrite = "true"
		Debug.AspNetCompiler.FixedNames = "false"
		Debug.AspNetCompiler.Debug = "True"
		Release.AspNetCompiler.VirtualPath = "/localhost_59515"
		Release.AspNetCompiler.PhysicalPath = "website\"
		Release.AspNetCompiler.TargetPath = "PrecompiledWeb\localhost_59515\"
		Release.AspNetCompiler.Updateable = "true"
		Release.AspNetCompiler.ForceOverwrite = "true"
		Release.AspNetCompiler.FixedNames = "false"
		Release.AspNetCompiler.Debug = "False"
		SlnRelativePath = "website\"
	EndProjectSection
EndProject
Global
	GlobalSection(SolutionConfigurationPlatforms) = preSolution
		Debug|Any CPU = Debug|Any CPU
		Release|Any CPU = Release|Any CPU
	EndGlobalSection
	GlobalSection(ProjectConfigurationPlatforms) = postSolution
		{310DC49F-5626-4BFF-85DD-959F65BA463C}.Debug|Any CPU.ActiveCfg = Debug|Any CPU
		{310DC49F-5626-4BFF-85DD-959F65BA463C}.Debug|Any CPU.Build.0 = Debug|Any CPU
		{310DC49F-5626-4BFF-85DD-959F65BA463C}.Release|Any CPU.ActiveCfg = Release|Any CPU
		{310DC49F-5626-4BFF-85DD-959F65BA463C}.Release|Any CPU.Build.0 = Release|Any CPU
		{AFE880F4-F0F2-4266-B62B-F31F6A607D0B}.Debug|Any CPU.ActiveCfg = Debug|Any CPU
		{AFE880F4-F0F2-4266-B62B-F31F6A607D0B}.Debug|Any CPU.Build.0 = Debug|Any CPU
		{AFE880F4-F0F2-4266-B62B-F31F6A607D0B}.Release|Any CPU.ActiveCfg = Debug|Any CPU
		{AFE880F4-F0F2-4266-B62B-F31F6A607D0B}.Release|Any CPU.Build.0 = Debug|Any CPU
	EndGlobalSection
	GlobalSection(SolutionProperties) = preSolution
		HideSolutionNode = FALSE
	EndGlobalSection
EndGlobal
